
Microsoft Visual Studio Solution File, Format Version 12.00
# Visual Studio Version 18
VisualStudioVersion = 18.1.11312.151 d18.0
MinimumVisualStudioVersion = 10.0.40219.1
Project("{F2A71F9B-5D33-465A-A702-920D77279786}") = "Prelude", "Prelude\Prelude.fsproj", "{58B5BA3A-B747-48B3-9FAD-C0FE7CF6C34A}"
EndProject
Project("{F2A71F9B-5D33-465A-A702-920D77279786}") = "Json", "Json\Json.fsproj", "{32535CC3-32EF-4892-AC9D-C9D770C0DAB9}"
EndProject
Project("{2150E333-8FDC-42A3-9474-1A3956D46DE8}") = "Solution Items", "Solution Items", "{8EC462FD-D22E-90A8-E5CE-7E832BA40C5D}"
	ProjectSection(SolutionItems) = preProject
		Directory.Build.props = Directory.Build.props
	EndProjectSection
EndProject
Project("{F2A71F9B-5D33-465A-A702-920D77279786}") = "PowerShell", "PowerShell\PowerShell.fsproj", "{75DA5B2C-4CE9-4AF2-AC6F-6CC66B246309}"
EndProject
Project("{F2A71F9B-5D33-465A-A702-920D77279786}") = "Magic", "Magic\Magic.fsproj", "{DA1F9BA4-E966-4A04-9447-C7637CF01EF2}"
EndProject
Global
	GlobalSection(SolutionConfigurationPlatforms) = preSolution
		Debug|Any CPU = Debug|Any CPU
		Release|Any CPU = Release|Any CPU
	EndGlobalSection
	GlobalSection(ProjectConfigurationPlatforms) = postSolution
		{58B5BA3A-B747-48B3-9FAD-C0FE7CF6C34A}.Debug|Any CPU.ActiveCfg = Debug|Any CPU
		{58B5BA3A-B747-48B3-9FAD-C0FE7CF6C34A}.Debug|Any CPU.Build.0 = Debug|Any CPU
		{58B5BA3A-B747-48B3-9FAD-C0FE7CF6C34A}.Release|Any CPU.ActiveCfg = Release|Any CPU
		{58B5BA3A-B747-48B3-9FAD-C0FE7CF6C34A}.Release|Any CPU.Build.0 = Release|Any CPU
		{32535CC3-32EF-4892-AC9D-C9D770C0DAB9}.Debug|Any CPU.ActiveCfg = Debug|Any CPU
		{32535CC3-32EF-4892-AC9D-C9D770C0DAB9}.Debug|Any CPU.Build.0 = Debug|Any CPU
		{32535CC3-32EF-4892-AC9D-C9D770C0DAB9}.Release|Any CPU.ActiveCfg = Release|Any CPU
		{32535CC3-32EF-4892-AC9D-C9D770C0DAB9}.Release|Any CPU.Build.0 = Release|Any CPU
		{75DA5B2C-4CE9-4AF2-AC6F-6CC66B246309}.Debug|Any CPU.ActiveCfg = Debug|Any CPU
		{75DA5B2C-4CE9-4AF2-AC6F-6CC66B246309}.Debug|Any CPU.Build.0 = Debug|Any CPU
		{75DA5B2C-4CE9-4AF2-AC6F-6CC66B246309}.Release|Any CPU.ActiveCfg = Release|Any CPU
		{75DA5B2C-4CE9-4AF2-AC6F-6CC66B246309}.Release|Any CPU.Build.0 = Release|Any CPU
		{DA1F9BA4-E966-4A04-9447-C7637CF01EF2}.Debug|Any CPU.ActiveCfg = Debug|Any CPU
		{DA1F9BA4-E966-4A04-9447-C7637CF01EF2}.Debug|Any CPU.Build.0 = Debug|Any CPU
		{DA1F9BA4-E966-4A04-9447-C7637CF01EF2}.Release|Any CPU.ActiveCfg = Release|Any CPU
		{DA1F9BA4-E966-4A04-9447-C7637CF01EF2}.Release|Any CPU.Build.0 = Release|Any CPU
	EndGlobalSection
	GlobalSection(SolutionProperties) = preSolution
		HideSolutionNode = FALSE
	EndGlobalSection
	GlobalSection(ExtensibilityGlobals) = postSolution
		SolutionGuid = {75E68DE5-FF91-4E14-B4F0-7BC410CD14F9}
	EndGlobalSection
EndGlobal
